
Microsoft Visual Studio Solution File, Format Version 12.00
# Visual Studio Version 16
VisualStudioVersion = 16.0.32002.261
MinimumVisualStudioVersion = 10.0.40219.1
Project("{FAE04EC0-301F-11D3-BF4B-00C04F79EFBC}") = "SalesWebMvc", "SalesWebMvc\SalesWebMvc.csproj", "{7FB4B5C9-4938-4753-967C-7061414778BC}"
EndProject
Global
	GlobalSection(SolutionConfigurationPlatforms) = preSolution
		Debug|Any CPU = Debug|Any CPU
		Release|Any CPU = Release|Any CPU
	EndGlobalSection
	GlobalSection(ProjectConfigurationPlatforms) = postSolution
		{7FB4B5C9-4938-4753-967C-7061414778BC}.Debug|Any CPU.ActiveCfg = Debug|Any CPU
		{7FB4B5C9-4938-4753-967C-7061414778BC}.Debug|Any CPU.Build.0 = Debug|Any CPU
		{7FB4B5C9-4938-4753-967C-7061414778BC}.Release|Any CPU.ActiveCfg = Release|Any CPU
		{7FB4B5C9-4938-4753-967C-7061414778BC}.Release|Any CPU.Build.0 = Release|Any CPU
	EndGlobalSection
	GlobalSection(SolutionProperties) = preSolution
		HideSolutionNode = FALSE
	EndGlobalSection
	GlobalSection(ExtensibilityGlobals) = postSolution
		SolutionGuid = {C32AB09D-38E8-41D8-B5A3-90B94E781A20}
	EndGlobalSection
EndGlobal
